
Microsoft Visual Studio Solution File, Format Version 12.00
# Visual Studio 14
VisualStudioVersion = 14.0.25420.1
MinimumVisualStudioVersion = 10.0.40219.1
Project("{FAE04EC0-301F-11D3-BF4B-00C04F79EFBC}") = "AngularJSMVC", "AngularJSMVC\AngularJSMVC.csproj", "{C663FAC2-F8E6-4012-9AF5-E5E0A7456ACE}"
EndProject
Project("{FAE04EC0-301F-11D3-BF4B-00C04F79EFBC}") = "AngularJSHTML", "AngularJSHTML\AngularJSHTML.csproj", "{DE61BF49-5237-465B-BE2C-EEFC4AAB9851}"
EndProject
Global
	GlobalSection(SolutionConfigurationPlatforms) = preSolution
		Debug|Any CPU = Debug|Any CPU
		Release|Any CPU = Release|Any CPU
	EndGlobalSection
	GlobalSection(ProjectConfigurationPlatforms) = postSolution
		{C663FAC2-F8E6-4012-9AF5-E5E0A7456ACE}.Debug|Any CPU.ActiveCfg = Debug|Any CPU
		{C663FAC2-F8E6-4012-9AF5-E5E0A7456ACE}.Debug|Any CPU.Build.0 = Debug|Any CPU
		{C663FAC2-F8E6-4012-9AF5-E5E0A7456ACE}.Release|Any CPU.ActiveCfg = Release|Any CPU
		{C663FAC2-F8E6-4012-9AF5-E5E0A7456ACE}.Release|Any CPU.Build.0 = Release|Any CPU
		{DE61BF49-5237-465B-BE2C-EEFC4AAB9851}.Debug|Any CPU.ActiveCfg = Debug|Any CPU
		{DE61BF49-5237-465B-BE2C-EEFC4AAB9851}.Debug|Any CPU.Build.0 = Debug|Any CPU
		{DE61BF49-5237-465B-BE2C-EEFC4AAB9851}.Release|Any CPU.ActiveCfg = Release|Any CPU
		{DE61BF49-5237-465B-BE2C-EEFC4AAB9851}.Release|Any CPU.Build.0 = Release|Any CPU
	EndGlobalSection
	GlobalSection(SolutionProperties) = preSolution
		HideSolutionNode = FALSE
	EndGlobalSection
EndGlobal
